
Microsoft Visual Studio Solution File, Format Version 12.00
# Visual Studio Version 16
VisualStudioVersion = 16.0.35130.168
MinimumVisualStudioVersion = 10.0.40219.1
Project("{FAE04EC0-301F-11D3-BF4B-00C04F79EFBC}") = "Basic Examples", "Basic Examples\Basic Examples.csproj", "{7DA83C1D-0464-4C95-A9F3-363DCFD90FB6}"
EndProject
Project("{FAE04EC0-301F-11D3-BF4B-00C04F79EFBC}") = "KDV Tutarı Hesaplayan Program", "KDV Tutarı Hesaplayan Program\KDV Tutarı Hesaplayan Program.csproj", "{13DE74B3-A968-4F44-83A5-65F0CB49BA44}"
EndProject
Project("{FAE04EC0-301F-11D3-BF4B-00C04F79EFBC}") = "Dik Üçgende Hipotenüs Bulan Program", "Dik Üçgende Hipotenüs Bulan Program\Dik Üçgende Hipotenüs Bulan Program.csproj", "{1BEB7377-4F12-45CF-8FDC-9F83288C12C5}"
EndProject
Project("{FAE04EC0-301F-11D3-BF4B-00C04F79EFBC}") = "Taksimetre Programı", "Taksimetre Programı\Taksimetre Programı.csproj", "{10C83904-4FA0-44EF-A62B-23AD18A96269}"
EndProject
Project("{FAE04EC0-301F-11D3-BF4B-00C04F79EFBC}") = "Dairenin Alanını ve Çevresini Hesaplayan Program", "Dairenin Alanını ve Çevresini Hesaplayan Program\Dairenin Alanını ve Çevresini Hesaplayan Program.csproj", "{7A9A4A85-BD49-4440-BA80-80BEAE73FF0E}"
EndProject
Project("{FAE04EC0-301F-11D3-BF4B-00C04F79EFBC}") = "Manav Kasa Programı", "Manav Kasa Programı\Manav Kasa Programı.csproj", "{949F662B-C755-45DA-BA14-BBA53C230CAF}"
EndProject
Project("{FAE04EC0-301F-11D3-BF4B-00C04F79EFBC}") = "Hesap Makinesi", "Hesap Makinesi\Hesap Makinesi.csproj", "{BA85673A-9039-4F96-92C0-F15D1CD5D449}"
EndProject
Global
	GlobalSection(SolutionConfigurationPlatforms) = preSolution
		Debug|Any CPU = Debug|Any CPU
		Release|Any CPU = Release|Any CPU
	EndGlobalSection
	GlobalSection(ProjectConfigurationPlatforms) = postSolution
		{7DA83C1D-0464-4C95-A9F3-363DCFD90FB6}.Debug|Any CPU.ActiveCfg = Debug|Any CPU
		{7DA83C1D-0464-4C95-A9F3-363DCFD90FB6}.Debug|Any CPU.Build.0 = Debug|Any CPU
		{7DA83C1D-0464-4C95-A9F3-363DCFD90FB6}.Release|Any CPU.ActiveCfg = Release|Any CPU
		{7DA83C1D-0464-4C95-A9F3-363DCFD90FB6}.Release|Any CPU.Build.0 = Release|Any CPU
		{13DE74B3-A968-4F44-83A5-65F0CB49BA44}.Debug|Any CPU.ActiveCfg = Debug|Any CPU
		{13DE74B3-A968-4F44-83A5-65F0CB49BA44}.Debug|Any CPU.Build.0 = Debug|Any CPU
		{13DE74B3-A968-4F44-83A5-65F0CB49BA44}.Release|Any CPU.ActiveCfg = Release|Any CPU
		{13DE74B3-A968-4F44-83A5-65F0CB49BA44}.Release|Any CPU.Build.0 = Release|Any CPU
		{1BEB7377-4F12-45CF-8FDC-9F83288C12C5}.Debug|Any CPU.ActiveCfg = Debug|Any CPU
		{1BEB7377-4F12-45CF-8FDC-9F83288C12C5}.Debug|Any CPU.Build.0 = Debug|Any CPU
		{1BEB7377-4F12-45CF-8FDC-9F83288C12C5}.Release|Any CPU.ActiveCfg = Release|Any CPU
		{1BEB7377-4F12-45CF-8FDC-9F83288C12C5}.Release|Any CPU.Build.0 = Release|Any CPU
		{10C83904-4FA0-44EF-A62B-23AD18A96269}.Debug|Any CPU.ActiveCfg = Debug|Any CPU
		{10C83904-4FA0-44EF-A62B-23AD18A96269}.Debug|Any CPU.Build.0 = Debug|Any CPU
		{10C83904-4FA0-44EF-A62B-23AD18A96269}.Release|Any CPU.ActiveCfg = Release|Any CPU
		{10C83904-4FA0-44EF-A62B-23AD18A96269}.Release|Any CPU.Build.0 = Release|Any CPU
		{7A9A4A85-BD49-4440-BA80-80BEAE73FF0E}.Debug|Any CPU.ActiveCfg = Debug|Any CPU
		{7A9A4A85-BD49-4440-BA80-80BEAE73FF0E}.Debug|Any CPU.Build.0 = Debug|Any CPU
		{7A9A4A85-BD49-4440-BA80-80BEAE73FF0E}.Release|Any CPU.ActiveCfg = Release|Any CPU
		{7A9A4A85-BD49-4440-BA80-80BEAE73FF0E}.Release|Any CPU.Build.0 = Release|Any CPU
		{949F662B-C755-45DA-BA14-BBA53C230CAF}.Debug|Any CPU.ActiveCfg = Debug|Any CPU
		{949F662B-C755-45DA-BA14-BBA53C230CAF}.Debug|Any CPU.Build.0 = Debug|Any CPU
		{949F662B-C755-45DA-BA14-BBA53C230CAF}.Release|Any CPU.ActiveCfg = Release|Any CPU
		{949F662B-C755-45DA-BA14-BBA53C230CAF}.Release|Any CPU.Build.0 = Release|Any CPU
		{BA85673A-9039-4F96-92C0-F15D1CD5D449}.Debug|Any CPU.ActiveCfg = Debug|Any CPU
		{BA85673A-9039-4F96-92C0-F15D1CD5D449}.Debug|Any CPU.Build.0 = Debug|Any CPU
		{BA85673A-9039-4F96-92C0-F15D1CD5D449}.Release|Any CPU.ActiveCfg = Release|Any CPU
		{BA85673A-9039-4F96-92C0-F15D1CD5D449}.Release|Any CPU.Build.0 = Release|Any CPU
	EndGlobalSection
	GlobalSection(SolutionProperties) = preSolution
		HideSolutionNode = FALSE
	EndGlobalSection
	GlobalSection(ExtensibilityGlobals) = postSolution
		SolutionGuid = {5C2640E3-1923-4333-B9C1-33B5B4DAD515}
	EndGlobalSection
EndGlobal
