
Microsoft Visual Studio Solution File, Format Version 12.00
# Visual Studio Version 16
VisualStudioVersion = 16.0.35130.168
MinimumVisualStudioVersion = 10.0.40219.1
Project("{FAE04EC0-301F-11D3-BF4B-00C04F79EFBC}") = "Basic Examples", "Basic Examples\Basic Examples.csproj", "{7DA83C1D-0464-4C95-A9F3-363DCFD90FB6}"
EndProject
Project("{FAE04EC0-301F-11D3-BF4B-00C04F79EFBC}") = "KDV Tutarı Hesaplayan Program", "KDV Tutarı Hesaplayan Program\KDV Tutarı Hesaplayan Program.csproj", "{13DE74B3-A968-4F44-83A5-65F0CB49BA44}"
EndProject
Global
	GlobalSection(SolutionConfigurationPlatforms) = preSolution
		Debug|Any CPU = Debug|Any CPU
		Release|Any CPU = Release|Any CPU
	EndGlobalSection
	GlobalSection(ProjectConfigurationPlatforms) = postSolution
		{7DA83C1D-0464-4C95-A9F3-363DCFD90FB6}.Debug|Any CPU.ActiveCfg = Debug|Any CPU
		{7DA83C1D-0464-4C95-A9F3-363DCFD90FB6}.Debug|Any CPU.Build.0 = Debug|Any CPU
		{7DA83C1D-0464-4C95-A9F3-363DCFD90FB6}.Release|Any CPU.ActiveCfg = Release|Any CPU
		{7DA83C1D-0464-4C95-A9F3-363DCFD90FB6}.Release|Any CPU.Build.0 = Release|Any CPU
		{13DE74B3-A968-4F44-83A5-65F0CB49BA44}.Debug|Any CPU.ActiveCfg = Debug|Any CPU
		{13DE74B3-A968-4F44-83A5-65F0CB49BA44}.Debug|Any CPU.Build.0 = Debug|Any CPU
		{13DE74B3-A968-4F44-83A5-65F0CB49BA44}.Release|Any CPU.ActiveCfg = Release|Any CPU
		{13DE74B3-A968-4F44-83A5-65F0CB49BA44}.Release|Any CPU.Build.0 = Release|Any CPU
	EndGlobalSection
	GlobalSection(SolutionProperties) = preSolution
		HideSolutionNode = FALSE
	EndGlobalSection
	GlobalSection(ExtensibilityGlobals) = postSolution
		SolutionGuid = {5C2640E3-1923-4333-B9C1-33B5B4DAD515}
	EndGlobalSection
EndGlobal
